// !$*UTF8*$!
{
	archiveVersion = 1;
	classes = {
	};
	objectVersion = 46;
	objects = {

/* Begin PBXBuildFile section */
		591E70E71A7C1EC50097EEFF /* main.m in Sources */ = {isa = PBXBuildFile; fileRef = 591E70E61A7C1EC50097EEFF /* main.m */; };
		591E70EA1A7C1EC50097EEFF /* AppDelegate.m in Sources */ = {isa = PBXBuildFile; fileRef = 591E70E91A7C1EC50097EEFF /* AppDelegate.m */; };
		591E70ED1A7C1EC50097EEFF /* FirstViewController.m in Sources */ = {isa = PBXBuildFile; fileRef = 591E70EC1A7C1EC50097EEFF /* FirstViewController.m */; };
		591E70F01A7C1EC50097EEFF /* SecondViewController.m in Sources */ = {isa = PBXBuildFile; fileRef = 591E70EF1A7C1EC50097EEFF /* SecondViewController.m */; };
		591E70F51A7C1EC50097EEFF /* Images.xcassets in Resources */ = {isa = PBXBuildFile; fileRef = 591E70F41A7C1EC50097EEFF /* Images.xcassets */; };
		591E70F81A7C1EC50097EEFF /* LaunchScreen.xib in Resources */ = {isa = PBXBuildFile; fileRef = 591E70F61A7C1EC50097EEFF /* LaunchScreen.xib */; };
		591E71041A7C1EC50097EEFF /* WatchaTestTests.m in Sources */ = {isa = PBXBuildFile; fileRef = 591E71031A7C1EC50097EEFF /* WatchaTestTests.m */; };
		591E71111A7C1FD70097EEFF /* ThirdViewController.m in Sources */ = {isa = PBXBuildFile; fileRef = 591E71101A7C1FD70097EEFF /* ThirdViewController.m */; };
		591E71331A7C2CD50097EEFF /* angry_birds_cake.jpg in Resources */ = {isa = PBXBuildFile; fileRef = 591E71221A7C2CD50097EEFF /* angry_birds_cake.jpg */; };
		591E71341A7C2CD50097EEFF /* creme_brelee.jpg in Resources */ = {isa = PBXBuildFile; fileRef = 591E71231A7C2CD50097EEFF /* creme_brelee.jpg */; };
		591E71351A7C2CD50097EEFF /* egg_benedict.jpg in Resources */ = {isa = PBXBuildFile; fileRef = 591E71241A7C2CD50097EEFF /* egg_benedict.jpg */; };
		591E71361A7C2CD50097EEFF /* full_breakfast.jpg in Resources */ = {isa = PBXBuildFile; fileRef = 591E71251A7C2CD50097EEFF /* full_breakfast.jpg */; };
		591E71371A7C2CD50097EEFF /* green_tea.jpg in Resources */ = {isa = PBXBuildFile; fileRef = 591E71261A7C2CD50097EEFF /* green_tea.jpg */; };
		591E71381A7C2CD50097EEFF /* ham_and_cheese_panini.jpg in Resources */ = {isa = PBXBuildFile; fileRef = 591E71271A7C2CD50097EEFF /* ham_and_cheese_panini.jpg */; };
		591E71391A7C2CD50097EEFF /* ham_and_egg_sandwich.jpg in Resources */ = {isa = PBXBuildFile; fileRef = 591E71281A7C2CD50097EEFF /* ham_and_egg_sandwich.jpg */; };
		591E713A1A7C2CD50097EEFF /* hamburger.jpg in Resources */ = {isa = PBXBuildFile; fileRef = 591E71291A7C2CD50097EEFF /* hamburger.jpg */; };
		591E713B1A7C2CD50097EEFF /* instant_noodle_with_egg.jpg in Resources */ = {isa = PBXBuildFile; fileRef = 591E712A1A7C2CD50097EEFF /* instant_noodle_with_egg.jpg */; };
		591E713C1A7C2CD50097EEFF /* japanese_noodle_with_pork.jpg in Resources */ = {isa = PBXBuildFile; fileRef = 591E712B1A7C2CD50097EEFF /* japanese_noodle_with_pork.jpg */; };
		591E713D1A7C2CD50097EEFF /* mushroom_risotto.jpg in Resources */ = {isa = PBXBuildFile; fileRef = 591E712C1A7C2CD50097EEFF /* mushroom_risotto.jpg */; };
		591E713E1A7C2CD50097EEFF /* noodle_with_bbq_pork.jpg in Resources */ = {isa = PBXBuildFile; fileRef = 591E712D1A7C2CD50097EEFF /* noodle_with_bbq_pork.jpg */; };
		591E713F1A7C2CD50097EEFF /* photo-frame.png in Resources */ = {isa = PBXBuildFile; fileRef = 591E712E1A7C2CD50097EEFF /* photo-frame.png */; };
		591E71401A7C2CD50097EEFF /* starbucks_coffee.jpg in Resources */ = {isa = PBXBuildFile; fileRef = 591E712F1A7C2CD50097EEFF /* starbucks_coffee.jpg */; };
		591E71411A7C2CD50097EEFF /* thai_shrimp_cake.jpg in Resources */ = {isa = PBXBuildFile; fileRef = 591E71301A7C2CD50097EEFF /* thai_shrimp_cake.jpg */; };
		591E71421A7C2CD50097EEFF /* vegetable_curry.jpg in Resources */ = {isa = PBXBuildFile; fileRef = 591E71311A7C2CD50097EEFF /* vegetable_curry.jpg */; };
		591E71431A7C2CD50097EEFF /* white_chocolate_donut.jpg in Resources */ = {isa = PBXBuildFile; fileRef = 591E71321A7C2CD50097EEFF /* white_chocolate_donut.jpg */; };
		591E714E1A7C783D0097EEFF /* sample.json in Resources */ = {isa = PBXBuildFile; fileRef = 591E714D1A7C783D0097EEFF /* sample.json */; };
		5926EB261A7D2954005649ED /* DetailViewController.m in Sources */ = {isa = PBXBuildFile; fileRef = 5926EB251A7D2954005649ED /* DetailViewController.m */; };
		5926EB2A1A7D5B91005649ED /* Main.storyboard in Resources */ = {isa = PBXBuildFile; fileRef = 5926EB291A7D5B91005649ED /* Main.storyboard */; };
		5926EB2D1A7E2E2F005649ED /* Cell.m in Sources */ = {isa = PBXBuildFile; fileRef = 5926EB2C1A7E2E2F005649ED /* Cell.m */; };
		5926EB311A7E4F2D005649ED /* ForthViewController.m in Sources */ = {isa = PBXBuildFile; fileRef = 5926EB301A7E4F2D005649ED /* ForthViewController.m */; };
		5926EB371A7E5D52005649ED /* NavController.m in Sources */ = {isa = PBXBuildFile; fileRef = 5926EB361A7E5D52005649ED /* NavController.m */; };
/* End PBXBuildFile section */

/* Begin PBXContainerItemProxy section */
		591E70FE1A7C1EC50097EEFF /* PBXContainerItemProxy */ = {
			isa = PBXContainerItemProxy;
			containerPortal = 591E70D91A7C1EC50097EEFF /* Project object */;
			proxyType = 1;
			remoteGlobalIDString = 591E70E01A7C1EC50097EEFF;
			remoteInfo = WatchaTest;
		};
/* End PBXContainerItemProxy section */

/* Begin PBXFileReference section */
		591E70E11A7C1EC50097EEFF /* WatchaTest.app */ = {isa = PBXFileReference; explicitFileType = wrapper.application; includeInIndex = 0; path = WatchaTest.app; sourceTree = BUILT_PRODUCTS_DIR; };
		591E70E51A7C1EC50097EEFF /* Info.plist */ = {isa = PBXFileReference; lastKnownFileType = text.plist.xml; path = Info.plist; sourceTree = "<group>"; };
		591E70E61A7C1EC50097EEFF /* main.m */ = {isa = PBXFileReference; lastKnownFileType = sourcecode.c.objc; path = main.m; sourceTree = "<group>"; };
		591E70E81A7C1EC50097EEFF /* AppDelegate.h */ = {isa = PBXFileReference; lastKnownFileType = sourcecode.c.h; path = AppDelegate.h; sourceTree = "<group>"; };
		591E70E91A7C1EC50097EEFF /* AppDelegate.m */ = {isa = PBXFileReference; lastKnownFileType = sourcecode.c.objc; path = AppDelegate.m; sourceTree = "<group>"; };
		591E70EB1A7C1EC50097EEFF /* FirstViewController.h */ = {isa = PBXFileReference; lastKnownFileType = sourcecode.c.h; path = FirstViewController.h; sourceTree = "<group>"; };
		591E70EC1A7C1EC50097EEFF /* FirstViewController.m */ = {isa = PBXFileReference; lastKnownFileType = sourcecode.c.objc; path = FirstViewController.m; sourceTree = "<group>"; };
		591E70EE1A7C1EC50097EEFF /* SecondViewController.h */ = {isa = PBXFileReference; lastKnownFileType = sourcecode.c.h; path = SecondViewController.h; sourceTree = "<group>"; };
		591E70EF1A7C1EC50097EEFF /* SecondViewController.m */ = {isa = PBXFileReference; lastKnownFileType = sourcecode.c.objc; path = SecondViewController.m; sourceTree = "<group>"; };
		591E70F41A7C1EC50097EEFF /* Images.xcassets */ = {isa = PBXFileReference; lastKnownFileType = folder.assetcatalog; path = Images.xcassets; sourceTree = "<group>"; };
		591E70F71A7C1EC50097EEFF /* Base */ = {isa = PBXFileReference; lastKnownFileType = file.xib; name = Base; path = Base.lproj/LaunchScreen.xib; sourceTree = "<group>"; };
		591E70FD1A7C1EC50097EEFF /* WatchaTestTests.xctest */ = {isa = PBXFileReference; explicitFileType = wrapper.cfbundle; includeInIndex = 0; path = WatchaTestTests.xctest; sourceTree = BUILT_PRODUCTS_DIR; };
		591E71021A7C1EC50097EEFF /* Info.plist */ = {isa = PBXFileReference; lastKnownFileType = text.plist.xml; path = Info.plist; sourceTree = "<group>"; };
		591E71031A7C1EC50097EEFF /* WatchaTestTests.m */ = {isa = PBXFileReference; lastKnownFileType = sourcecode.c.objc; path = WatchaTestTests.m; sourceTree = "<group>"; };
		591E710D1A7C1F810097EEFF /* ThirdViewController.h */ = {isa = PBXFileReference; lastKnownFileType = sourcecode.c.h; path = ThirdViewController.h; sourceTree = "<group>"; };
		591E71101A7C1FD70097EEFF /* ThirdViewController.m */ = {isa = PBXFileReference; fileEncoding = 4; lastKnownFileType = sourcecode.c.objc; path = ThirdViewController.m; sourceTree = "<group>"; };
		591E71221A7C2CD50097EEFF /* angry_birds_cake.jpg */ = {isa = PBXFileReference; lastKnownFileType = image.jpeg; name = angry_birds_cake.jpg; path = ../../../Downloads/RecipePhotoImagePack/angry_birds_cake.jpg; sourceTree = "<group>"; };
		591E71231A7C2CD50097EEFF /* creme_brelee.jpg */ = {isa = PBXFileReference; lastKnownFileType = image.jpeg; name = creme_brelee.jpg; path = ../../../Downloads/RecipePhotoImagePack/creme_brelee.jpg; sourceTree = "<group>"; };
		591E71241A7C2CD50097EEFF /* egg_benedict.jpg */ = {isa = PBXFileReference; lastKnownFileType = image.jpeg; name = egg_benedict.jpg; path = ../../../Downloads/RecipePhotoImagePack/egg_benedict.jpg; sourceTree = "<group>"; };
		591E71251A7C2CD50097EEFF /* full_breakfast.jpg */ = {isa = PBXFileReference; lastKnownFileType = image.jpeg; name = full_breakfast.jpg; path = ../../../Downloads/RecipePhotoImagePack/full_breakfast.jpg; sourceTree = "<group>"; };
		591E71261A7C2CD50097EEFF /* green_tea.jpg */ = {isa = PBXFileReference; lastKnownFileType = image.jpeg; name = green_tea.jpg; path = ../../../Downloads/RecipePhotoImagePack/green_tea.jpg; sourceTree = "<group>"; };
		591E71271A7C2CD50097EEFF /* ham_and_cheese_panini.jpg */ = {isa = PBXFileReference; lastKnownFileType = image.jpeg; name = ham_and_cheese_panini.jpg; path = ../../../Downloads/RecipePhotoImagePack/ham_and_cheese_panini.jpg; sourceTree = "<group>"; };
		591E71281A7C2CD50097EEFF /* ham_and_egg_sandwich.jpg */ = {isa = PBXFileReference; lastKnownFileType = image.jpeg; name = ham_and_egg_sandwich.jpg; path = ../../../Downloads/RecipePhotoImagePack/ham_and_egg_sandwich.jpg; sourceTree = "<group>"; };
		591E71291A7C2CD50097EEFF /* hamburger.jpg */ = {isa = PBXFileReference; lastKnownFileType = image.jpeg; name = hamburger.jpg; path = ../../../Downloads/RecipePhotoImagePack/hamburger.jpg; sourceTree = "<group>"; };
		591E712A1A7C2CD50097EEFF /* instant_noodle_with_egg.jpg */ = {isa = PBXFileReference; lastKnownFileType = image.jpeg; name = instant_noodle_with_egg.jpg; path = ../../../Downloads/RecipePhotoImagePack/instant_noodle_with_egg.jpg; sourceTree = "<group>"; };
		591E712B1A7C2CD50097EEFF /* japanese_noodle_with_pork.jpg */ = {isa = PBXFileReference; lastKnownFileType = image.jpeg; name = japanese_noodle_with_pork.jpg; path = ../../../Downloads/RecipePhotoImagePack/japanese_noodle_with_pork.jpg; sourceTree = "<group>"; };
		591E712C1A7C2CD50097EEFF /* mushroom_risotto.jpg */ = {isa = PBXFileReference; lastKnownFileType = image.jpeg; name = mushroom_risotto.jpg; path = ../../../Downloads/RecipePhotoImagePack/mushroom_risotto.jpg; sourceTree = "<group>"; };
		591E712D1A7C2CD50097EEFF /* noodle_with_bbq_pork.jpg */ = {isa = PBXFileReference; lastKnownFileType = image.jpeg; name = noodle_with_bbq_pork.jpg; path = ../../../Downloads/RecipePhotoImagePack/noodle_with_bbq_pork.jpg; sourceTree = "<group>"; };
		591E712E1A7C2CD50097EEFF /* photo-frame.png */ = {isa = PBXFileReference; lastKnownFileType = image.png; name = "photo-frame.png"; path = "../../../Downloads/RecipePhotoImagePack/photo-frame.png"; sourceTree = "<group>"; };
		591E712F1A7C2CD50097EEFF /* starbucks_coffee.jpg */ = {isa = PBXFileReference; lastKnownFileType = image.jpeg; name = starbucks_coffee.jpg; path = ../../../Downloads/RecipePhotoImagePack/starbucks_coffee.jpg; sourceTree = "<group>"; };
		591E71301A7C2CD50097EEFF /* thai_shrimp_cake.jpg */ = {isa = PBXFileReference; lastKnownFileType = image.jpeg; name = thai_shrimp_cake.jpg; path = ../../../Downloads/RecipePhotoImagePack/thai_shrimp_cake.jpg; sourceTree = "<group>"; };
		591E71311A7C2CD50097EEFF /* vegetable_curry.jpg */ = {isa = PBXFileReference; lastKnownFileType = image.jpeg; name = vegetable_curry.jpg; path = ../../../Downloads/RecipePhotoImagePack/vegetable_curry.jpg; sourceTree = "<group>"; };
		591E71321A7C2CD50097EEFF /* white_chocolate_donut.jpg */ = {isa = PBXFileReference; lastKnownFileType = image.jpeg; name = white_chocolate_donut.jpg; path = ../../../Downloads/RecipePhotoImagePack/white_chocolate_donut.jpg; sourceTree = "<group>"; };
		591E714D1A7C783D0097EEFF /* sample.json */ = {isa = PBXFileReference; fileEncoding = 4; lastKnownFileType = text.json; name = sample.json; path = ../../../Swift/Watcha_Test/sample.json; sourceTree = "<group>"; };
		5926EB241A7D2918005649ED /* DetailViewController.h */ = {isa = PBXFileReference; lastKnownFileType = sourcecode.c.h; path = DetailViewController.h; sourceTree = "<group>"; };
		5926EB251A7D2954005649ED /* DetailViewController.m */ = {isa = PBXFileReference; fileEncoding = 4; lastKnownFileType = sourcecode.c.objc; path = DetailViewController.m; sourceTree = "<group>"; };
		5926EB291A7D5B91005649ED /* Main.storyboard */ = {isa = PBXFileReference; fileEncoding = 4; lastKnownFileType = file.storyboard; path = Main.storyboard; sourceTree = "<group>"; };
		5926EB2B1A7E2E2F005649ED /* Cell.h */ = {isa = PBXFileReference; fileEncoding = 4; lastKnownFileType = sourcecode.c.h; path = Cell.h; sourceTree = "<group>"; };
		5926EB2C1A7E2E2F005649ED /* Cell.m */ = {isa = PBXFileReference; fileEncoding = 4; lastKnownFileType = sourcecode.c.objc; path = Cell.m; sourceTree = "<group>"; };
		5926EB2E1A7E4EAF005649ED /* ForthViewController.h */ = {isa = PBXFileReference; lastKnownFileType = sourcecode.c.h; path = ForthViewController.h; sourceTree = "<group>"; };
		5926EB301A7E4F2D005649ED /* ForthViewController.m */ = {isa = PBXFileReference; fileEncoding = 4; lastKnownFileType = sourcecode.c.objc; path = ForthViewController.m; sourceTree = "<group>"; };
		5926EB351A7E5D36005649ED /* NavController.h */ = {isa = PBXFileReference; lastKnownFileType = sourcecode.c.h; path = NavController.h; sourceTree = "<group>"; };
		5926EB361A7E5D52005649ED /* NavController.m */ = {isa = PBXFileReference; fileEncoding = 4; lastKnownFileType = sourcecode.c.objc; path = NavController.m; sourceTree = "<group>"; };
/* End PBXFileReference section */

/* Begin PBXFrameworksBuildPhase section */
		591E70DE1A7C1EC50097EEFF /* Frameworks */ = {
			isa = PBXFrameworksBuildPhase;
			buildActionMask = 2147483647;
			files = (
			);
			runOnlyForDeploymentPostprocessing = 0;
		};
		591E70FA1A7C1EC50097EEFF /* Frameworks */ = {
			isa = PBXFrameworksBuildPhase;
			buildActionMask = 2147483647;
			files = (
			);
			runOnlyForDeploymentPostprocessing = 0;
		};
/* End PBXFrameworksBuildPhase section */

/* Begin PBXGroup section */
		591E70D81A7C1EC50097EEFF = {
			isa = PBXGroup;
			children = (
				591E71211A7C2CC20097EEFF /* images */,
				591E70E31A7C1EC50097EEFF /* WatchaTest */,
				591E71001A7C1EC50097EEFF /* WatchaTestTests */,
				591E70E21A7C1EC50097EEFF /* Products */,
			);
			sourceTree = "<group>";
		};
		591E70E21A7C1EC50097EEFF /* Products */ = {
			isa = PBXGroup;
			children = (
				591E70E11A7C1EC50097EEFF /* WatchaTest.app */,
				591E70FD1A7C1EC50097EEFF /* WatchaTestTests.xctest */,
			);
			name = Products;
			sourceTree = "<group>";
		};
		591E70E31A7C1EC50097EEFF /* WatchaTest */ = {
			isa = PBXGroup;
			children = (
				5926EB2B1A7E2E2F005649ED /* Cell.h */,
				5926EB2C1A7E2E2F005649ED /* Cell.m */,
				591E70E81A7C1EC50097EEFF /* AppDelegate.h */,
				591E70E91A7C1EC50097EEFF /* AppDelegate.m */,
				591E70EB1A7C1EC50097EEFF /* FirstViewController.h */,
				591E70EC1A7C1EC50097EEFF /* FirstViewController.m */,
				591E70EE1A7C1EC50097EEFF /* SecondViewController.h */,
				591E70EF1A7C1EC50097EEFF /* SecondViewController.m */,
				591E710D1A7C1F810097EEFF /* ThirdViewController.h */,
				591E71101A7C1FD70097EEFF /* ThirdViewController.m */,
				5926EB2E1A7E4EAF005649ED /* ForthViewController.h */,
				5926EB301A7E4F2D005649ED /* ForthViewController.m */,
				5926EB241A7D2918005649ED /* DetailViewController.h */,
				5926EB251A7D2954005649ED /* DetailViewController.m */,
				5926EB291A7D5B91005649ED /* Main.storyboard */,
				591E70F41A7C1EC50097EEFF /* Images.xcassets */,
				591E70F61A7C1EC50097EEFF /* LaunchScreen.xib */,
				591E70E41A7C1EC50097EEFF /* Supporting Files */,
				5926EB351A7E5D36005649ED /* NavController.h */,
				5926EB361A7E5D52005649ED /* NavController.m */,
			);
			path = WatchaTest;
			sourceTree = "<group>";
		};
		591E70E41A7C1EC50097EEFF /* Supporting Files */ = {
			isa = PBXGroup;
			children = (
				591E714D1A7C783D0097EEFF /* sample.json */,
				591E70E51A7C1EC50097EEFF /* Info.plist */,
				591E70E61A7C1EC50097EEFF /* main.m */,
			);
			name = "Supporting Files";
			sourceTree = "<group>";
		};
		591E71001A7C1EC50097EEFF /* WatchaTestTests */ = {
			isa = PBXGroup;
			children = (
				591E71031A7C1EC50097EEFF /* WatchaTestTests.m */,
				591E71011A7C1EC50097EEFF /* Supporting Files */,
			);
			path = WatchaTestTests;
			sourceTree = "<group>";
		};
		591E71011A7C1EC50097EEFF /* Supporting Files */ = {
			isa = PBXGroup;
			children = (
				591E71021A7C1EC50097EEFF /* Info.plist */,
			);
			name = "Supporting Files";
			sourceTree = "<group>";
		};
		591E71211A7C2CC20097EEFF /* images */ = {
			isa = PBXGroup;
			children = (
				591E71221A7C2CD50097EEFF /* angry_birds_cake.jpg */,
				591E71231A7C2CD50097EEFF /* creme_brelee.jpg */,
				591E71241A7C2CD50097EEFF /* egg_benedict.jpg */,
				591E71251A7C2CD50097EEFF /* full_breakfast.jpg */,
				591E71261A7C2CD50097EEFF /* green_tea.jpg */,
				591E71271A7C2CD50097EEFF /* ham_and_cheese_panini.jpg */,
				591E71281A7C2CD50097EEFF /* ham_and_egg_sandwich.jpg */,
				591E71291A7C2CD50097EEFF /* hamburger.jpg */,
				591E712A1A7C2CD50097EEFF /* instant_noodle_with_egg.jpg */,
				591E712B1A7C2CD50097EEFF /* japanese_noodle_with_pork.jpg */,
				591E712C1A7C2CD50097EEFF /* mushroom_risotto.jpg */,
				591E712D1A7C2CD50097EEFF /* noodle_with_bbq_pork.jpg */,
				591E712E1A7C2CD50097EEFF /* photo-frame.png */,
				591E712F1A7C2CD50097EEFF /* starbucks_coffee.jpg */,
				591E71301A7C2CD50097EEFF /* thai_shrimp_cake.jpg */,
				591E71311A7C2CD50097EEFF /* vegetable_curry.jpg */,
				591E71321A7C2CD50097EEFF /* white_chocolate_donut.jpg */,
			);
			name = images;
			sourceTree = "<group>";
		};
/* End PBXGroup section */

/* Begin PBXNativeTarget section */
		591E70E01A7C1EC50097EEFF /* WatchaTest */ = {
			isa = PBXNativeTarget;
			buildConfigurationList = 591E71071A7C1EC50097EEFF /* Build configuration list for PBXNativeTarget "WatchaTest" */;
			buildPhases = (
				591E70DD1A7C1EC50097EEFF /* Sources */,
				591E70DE1A7C1EC50097EEFF /* Frameworks */,
				591E70DF1A7C1EC50097EEFF /* Resources */,
			);
			buildRules = (
			);
			dependencies = (
			);
			name = WatchaTest;
			productName = WatchaTest;
			productReference = 591E70E11A7C1EC50097EEFF /* WatchaTest.app */;
			productType = "com.apple.product-type.application";
		};
		591E70FC1A7C1EC50097EEFF /* WatchaTestTests */ = {
			isa = PBXNativeTarget;
			buildConfigurationList = 591E710A1A7C1EC50097EEFF /* Build configuration list for PBXNativeTarget "WatchaTestTests" */;
			buildPhases = (
				591E70F91A7C1EC50097EEFF /* Sources */,
				591E70FA1A7C1EC50097EEFF /* Frameworks */,
				591E70FB1A7C1EC50097EEFF /* Resources */,
			);
			buildRules = (
			);
			dependencies = (
				591E70FF1A7C1EC50097EEFF /* PBXTargetDependency */,
			);
			name = WatchaTestTests;
			productName = WatchaTestTests;
			productReference = 591E70FD1A7C1EC50097EEFF /* WatchaTestTests.xctest */;
			productType = "com.apple.product-type.bundle.unit-test";
		};
/* End PBXNativeTarget section */

/* Begin PBXProject section */
		591E70D91A7C1EC50097EEFF /* Project object */ = {
			isa = PBXProject;
			attributes = {
				LastUpgradeCheck = 0610;
				ORGANIZATIONNAME = LuceteK;
				TargetAttributes = {
					591E70E01A7C1EC50097EEFF = {
						CreatedOnToolsVersion = 6.1.1;
					};
					591E70FC1A7C1EC50097EEFF = {
						CreatedOnToolsVersion = 6.1.1;
						TestTargetID = 591E70E01A7C1EC50097EEFF;
					};
				};
			};
			buildConfigurationList = 591E70DC1A7C1EC50097EEFF /* Build configuration list for PBXProject "WatchaTest" */;
			compatibilityVersion = "Xcode 3.2";
			developmentRegion = English;
			hasScannedForEncodings = 0;
			knownRegions = (
				en,
				Base,
			);
			mainGroup = 591E70D81A7C1EC50097EEFF;
			productRefGroup = 591E70E21A7C1EC50097EEFF /* Products */;
			projectDirPath = "";
			projectRoot = "";
			targets = (
				591E70E01A7C1EC50097EEFF /* WatchaTest */,
				591E70FC1A7C1EC50097EEFF /* WatchaTestTests */,
			);
		};
/* End PBXProject section */

/* Begin PBXResourcesBuildPhase section */
		591E70DF1A7C1EC50097EEFF /* Resources */ = {
			isa = PBXResourcesBuildPhase;
			buildActionMask = 2147483647;
			files = (
				5926EB2A1A7D5B91005649ED /* Main.storyboard in Resources */,
				591E71361A7C2CD50097EEFF /* full_breakfast.jpg in Resources */,
				591E71341A7C2CD50097EEFF /* creme_brelee.jpg in Resources */,
				591E71431A7C2CD50097EEFF /* white_chocolate_donut.jpg in Resources */,
				591E70F81A7C1EC50097EEFF /* LaunchScreen.xib in Resources */,
				591E71411A7C2CD50097EEFF /* thai_shrimp_cake.jpg in Resources */,
				591E713F1A7C2CD50097EEFF /* photo-frame.png in Resources */,
				591E713B1A7C2CD50097EEFF /* instant_noodle_with_egg.jpg in Resources */,
				591E713A1A7C2CD50097EEFF /* hamburger.jpg in Resources */,
				591E713E1A7C2CD50097EEFF /* noodle_with_bbq_pork.jpg in Resources */,
				591E71401A7C2CD50097EEFF /* starbucks_coffee.jpg in Resources */,
				591E71421A7C2CD50097EEFF /* vegetable_curry.jpg in Resources */,
				591E71331A7C2CD50097EEFF /* angry_birds_cake.jpg in Resources */,
				591E70F51A7C1EC50097EEFF /* Images.xcassets in Resources */,
				591E71381A7C2CD50097EEFF /* ham_and_cheese_panini.jpg in Resources */,
				591E71371A7C2CD50097EEFF /* green_tea.jpg in Resources */,
				591E713D1A7C2CD50097EEFF /* mushroom_risotto.jpg in Resources */,
				591E714E1A7C783D0097EEFF /* sample.json in Resources */,
				591E71351A7C2CD50097EEFF /* egg_benedict.jpg in Resources */,
				591E71391A7C2CD50097EEFF /* ham_and_egg_sandwich.jpg in Resources */,
				591E713C1A7C2CD50097EEFF /* japanese_noodle_with_pork.jpg in Resources */,
			);
			runOnlyForDeploymentPostprocessing = 0;
		};
		591E70FB1A7C1EC50097EEFF /* Resources */ = {
			isa = PBXResourcesBuildPhase;
			buildActionMask = 2147483647;
			files = (
			);
			runOnlyForDeploymentPostprocessing = 0;
		};
/* End PBXResourcesBuildPhase section */

/* Begin PBXSourcesBuildPhase section */
		591E70DD1A7C1EC50097EEFF /* Sources */ = {
			isa = PBXSourcesBuildPhase;
			buildActionMask = 2147483647;
			files = (
				591E70F01A7C1EC50097EEFF /* SecondViewController.m in Sources */,
				591E71111A7C1FD70097EEFF /* ThirdViewController.m in Sources */,
				5926EB311A7E4F2D005649ED /* ForthViewController.m in Sources */,
				5926EB371A7E5D52005649ED /* NavController.m in Sources */,
				5926EB261A7D2954005649ED /* DetailViewController.m in Sources */,
				591E70EA1A7C1EC50097EEFF /* AppDelegate.m in Sources */,
				591E70ED1A7C1EC50097EEFF /* FirstViewController.m in Sources */,
				591E70E71A7C1EC50097EEFF /* main.m in Sources */,
				5926EB2D1A7E2E2F005649ED /* Cell.m in Sources */,
			);
			runOnlyForDeploymentPostprocessing = 0;
		};
		591E70F91A7C1EC50097EEFF /* Sources */ = {
			isa = PBXSourcesBuildPhase;
			buildActionMask = 2147483647;
			files = (
				591E71041A7C1EC50097EEFF /* WatchaTestTests.m in Sources */,
			);
			runOnlyForDeploymentPostprocessing = 0;
		};
/* End PBXSourcesBuildPhase section */

/* Begin PBXTargetDependency section */
		591E70FF1A7C1EC50097EEFF /* PBXTargetDependency */ = {
			isa = PBXTargetDependency;
			target = 591E70E01A7C1EC50097EEFF /* WatchaTest */;
			targetProxy = 591E70FE1A7C1EC50097EEFF /* PBXContainerItemProxy */;
		};
/* End PBXTargetDependency section */

/* Begin PBXVariantGroup section */
		591E70F61A7C1EC50097EEFF /* LaunchScreen.xib */ = {
			isa = PBXVariantGroup;
			children = (
				591E70F71A7C1EC50097EEFF /* Base */,
			);
			name = LaunchScreen.xib;
			sourceTree = "<group>";
		};
/* End PBXVariantGroup section */

/* Begin XCBuildConfiguration section */
		591E71051A7C1EC50097EEFF /* Debug */ = {
			isa = XCBuildConfiguration;
			buildSettings = {
				ALWAYS_SEARCH_USER_PATHS = NO;
				CLANG_CXX_LANGUAGE_STANDARD = "gnu++0x";
				CLANG_CXX_LIBRARY = "libc++";
				CLANG_ENABLE_MODULES = YES;
				CLANG_ENABLE_OBJC_ARC = YES;
				CLANG_WARN_BOOL_CONVERSION = YES;
				CLANG_WARN_CONSTANT_CONVERSION = YES;
				CLANG_WARN_DIRECT_OBJC_ISA_USAGE = YES_ERROR;
				CLANG_WARN_EMPTY_BODY = YES;
				CLANG_WARN_ENUM_CONVERSION = YES;
				CLANG_WARN_INT_CONVERSION = YES;
				CLANG_WARN_OBJC_ROOT_CLASS = YES_ERROR;
				CLANG_WARN_UNREACHABLE_CODE = YES;
				CLANG_WARN__DUPLICATE_METHOD_MATCH = YES;
				"CODE_SIGN_IDENTITY[sdk=iphoneos*]" = "iPhone Developer";
				COPY_PHASE_STRIP = NO;
				ENABLE_STRICT_OBJC_MSGSEND = YES;
				GCC_C_LANGUAGE_STANDARD = gnu99;
				GCC_DYNAMIC_NO_PIC = NO;
				GCC_OPTIMIZATION_LEVEL = 0;
				GCC_PREPROCESSOR_DEFINITIONS = (
					"DEBUG=1",
					"$(inherited)",
				);
				GCC_SYMBOLS_PRIVATE_EXTERN = NO;
				GCC_WARN_64_TO_32_BIT_CONVERSION = YES;
				GCC_WARN_ABOUT_RETURN_TYPE = YES_ERROR;
				GCC_WARN_UNDECLARED_SELECTOR = YES;
				GCC_WARN_UNINITIALIZED_AUTOS = YES_AGGRESSIVE;
				GCC_WARN_UNUSED_FUNCTION = YES;
				GCC_WARN_UNUSED_VARIABLE = YES;
				IPHONEOS_DEPLOYMENT_TARGET = 8.1;
				MTL_ENABLE_DEBUG_INFO = YES;
				ONLY_ACTIVE_ARCH = YES;
				SDKROOT = iphoneos;
			};
			name = Debug;
		};
		591E71061A7C1EC50097EEFF /* Release */ = {
			isa = XCBuildConfiguration;
			buildSettings = {
				ALWAYS_SEARCH_USER_PATHS = NO;
				CLANG_CXX_LANGUAGE_STANDARD = "gnu++0x";
				CLANG_CXX_LIBRARY = "libc++";
				CLANG_ENABLE_MODULES = YES;
				CLANG_ENABLE_OBJC_ARC = YES;
				CLANG_WARN_BOOL_CONVERSION = YES;
				CLANG_WARN_CONSTANT_CONVERSION = YES;
				CLANG_WARN_DIRECT_OBJC_ISA_USAGE = YES_ERROR;
				CLANG_WARN_EMPTY_BODY = YES;
				CLANG_WARN_ENUM_CONVERSION = YES;
				CLANG_WARN_INT_CONVERSION = YES;
				CLANG_WARN_OBJC_ROOT_CLASS = YES_ERROR;
				CLANG_WARN_UNREACHABLE_CODE = YES;
				CLANG_WARN__DUPLICATE_METHOD_MATCH = YES;
				"CODE_SIGN_IDENTITY[sdk=iphoneos*]" = "iPhone Developer";
				COPY_PHASE_STRIP = YES;
				ENABLE_NS_ASSERTIONS = NO;
				ENABLE_STRICT_OBJC_MSGSEND = YES;
				GCC_C_LANGUAGE_STANDARD = gnu99;
				GCC_WARN_64_TO_32_BIT_CONVERSION = YES;
				GCC_WARN_ABOUT_RETURN_TYPE = YES_ERROR;
				GCC_WARN_UNDECLARED_SELECTOR = YES;
				GCC_WARN_UNINITIALIZED_AUTOS = YES_AGGRESSIVE;
				GCC_WARN_UNUSED_FUNCTION = YES;
				GCC_WARN_UNUSED_VARIABLE = YES;
				IPHONEOS_DEPLOYMENT_TARGET = 8.1;
				MTL_ENABLE_DEBUG_INFO = NO;
				SDKROOT = iphoneos;
				VALIDATE_PRODUCT = YES;
			};
			name = Release;
		};
		591E71081A7C1EC50097EEFF /* Debug */ = {
			isa = XCBuildConfiguration;
			buildSettings = {
				ASSETCATALOG_COMPILER_APPICON_NAME = AppIcon;
				INFOPLIST_FILE = WatchaTest/Info.plist;
				LD_RUNPATH_SEARCH_PATHS = "$(inherited) @executable_path/Frameworks";
				PRODUCT_NAME = "$(TARGET_NAME)";
			};
			name = Debug;
		};
		591E71091A7C1EC50097EEFF /* Release */ = {
			isa = XCBuildConfiguration;
			buildSettings = {
				ASSETCATALOG_COMPILER_APPICON_NAME = AppIcon;
				INFOPLIST_FILE = WatchaTest/Info.plist;
				LD_RUNPATH_SEARCH_PATHS = "$(inherited) @executable_path/Frameworks";
				PRODUCT_NAME = "$(TARGET_NAME)";
			};
			name = Release;
		};
		591E710B1A7C1EC50097EEFF /* Debug */ = {
			isa = XCBuildConfiguration;
			buildSettings = {
				BUNDLE_LOADER = "$(TEST_HOST)";
				FRAMEWORK_SEARCH_PATHS = (
					"$(SDKROOT)/Developer/Library/Frameworks",
					"$(inherited)",
				);
				GCC_PREPROCESSOR_DEFINITIONS = (
					"DEBUG=1",
					"$(inherited)",
				);
				INFOPLIST_FILE = WatchaTestTests/Info.plist;
				LD_RUNPATH_SEARCH_PATHS = "$(inherited) @executable_path/Frameworks @loader_path/Frameworks";
				PRODUCT_NAME = "$(TARGET_NAME)";
				TEST_HOST = "$(BUILT_PRODUCTS_DIR)/WatchaTest.app/WatchaTest";
			};
			name = Debug;
		};
		591E710C1A7C1EC50097EEFF /* Release */ = {
			isa = XCBuildConfiguration;
			buildSettings = {
				BUNDLE_LOADER = "$(TEST_HOST)";
				FRAMEWORK_SEARCH_PATHS = (
					"$(SDKROOT)/Developer/Library/Frameworks",
					"$(inherited)",
				);
				INFOPLIST_FILE = WatchaTestTests/Info.plist;
				LD_RUNPATH_SEARCH_PATHS = "$(inherited) @executable_path/Frameworks @loader_path/Frameworks";
				PRODUCT_NAME = "$(TARGET_NAME)";
				TEST_HOST = "$(BUILT_PRODUCTS_DIR)/WatchaTest.app/WatchaTest";
			};
			name = Release;
		};
/* End XCBuildConfiguration section */

/* Begin XCConfigurationList section */
		591E70DC1A7C1EC50097EEFF /* Build configuration list for PBXProject "WatchaTest" */ = {
			isa = XCConfigurationList;
			buildConfigurations = (
				591E71051A7C1EC50097EEFF /* Debug */,
				591E71061A7C1EC50097EEFF /* Release */,
			);
			defaultConfigurationIsVisible = 0;
			defaultConfigurationName = Release;
		};
		591E71071A7C1EC50097EEFF /* Build configuration list for PBXNativeTarget "WatchaTest" */ = {
			isa = XCConfigurationList;
			buildConfigurations = (
				591E71081A7C1EC50097EEFF /* Debug */,
				591E71091A7C1EC50097EEFF /* Release */,
			);
			defaultConfigurationIsVisible = 0;
			defaultConfigurationName = Release;
		};
		591E710A1A7C1EC50097EEFF /* Build configuration list for PBXNativeTarget "WatchaTestTests" */ = {
			isa = XCConfigurationList;
			buildConfigurations = (
				591E710B1A7C1EC50097EEFF /* Debug */,
				591E710C1A7C1EC50097EEFF /* Release */,
			);
			defaultConfigurationIsVisible = 0;
			defaultConfigurationName = Release;
		};
/* End XCConfigurationList section */
	};
	rootObject = 591E70D91A7C1EC50097EEFF /* Project object */;
}
